
Microsoft Visual Studio Solution File, Format Version 12.00
# Visual Studio Version 16
VisualStudioVersion = 16.0.30611.23
MinimumVisualStudioVersion = 10.0.40219.1
Project("{FAE04EC0-301F-11D3-BF4B-00C04F79EFBC}") = "Primjena Windows Kontrole-EM", "Primjena Windows Kontrole-EM\Primjena Windows Kontrole-EM.csproj", "{6624C619-F13E-45F7-A2F4-AB8ED88FD9FD}"
EndProject
Global
	GlobalSection(SolutionConfigurationPlatforms) = preSolution
		Debug|Any CPU = Debug|Any CPU
		Release|Any CPU = Release|Any CPU
	EndGlobalSection
	GlobalSection(ProjectConfigurationPlatforms) = postSolution
		{6624C619-F13E-45F7-A2F4-AB8ED88FD9FD}.Debug|Any CPU.ActiveCfg = Debug|Any CPU
		{6624C619-F13E-45F7-A2F4-AB8ED88FD9FD}.Debug|Any CPU.Build.0 = Debug|Any CPU
		{6624C619-F13E-45F7-A2F4-AB8ED88FD9FD}.Release|Any CPU.ActiveCfg = Release|Any CPU
		{6624C619-F13E-45F7-A2F4-AB8ED88FD9FD}.Release|Any CPU.Build.0 = Release|Any CPU
	EndGlobalSection
	GlobalSection(SolutionProperties) = preSolution
		HideSolutionNode = FALSE
	EndGlobalSection
	GlobalSection(ExtensibilityGlobals) = postSolution
		SolutionGuid = {55995888-3067-474B-85A1-E740019C5220}
	EndGlobalSection
EndGlobal
